// !$*UTF8*$!
{
	archiveVersion = 1;
	classes = {
	};
	objectVersion = 56;
	objects = {

/* Begin PBXBuildFile section */
		4536F1DF2C61D42200E20A2B /* SearchBookCell.swift in Sources */ = {isa = PBXBuildFile; fileRef = 4536F1DE2C61D42200E20A2B /* SearchBookCell.swift */; };
		458FFC9B2C5CD635003B5236 /* AppDelegate.swift in Sources */ = {isa = PBXBuildFile; fileRef = 458FFC9A2C5CD635003B5236 /* AppDelegate.swift */; };
		458FFC9F2C5CD635003B5236 /* MainViewController.swift in Sources */ = {isa = PBXBuildFile; fileRef = 458FFC9E2C5CD635003B5236 /* MainViewController.swift */; };
		458FFCA52C5CD635003B5236 /* SearchBookApp.xcdatamodeld in Sources */ = {isa = PBXBuildFile; fileRef = 458FFCA32C5CD635003B5236 /* SearchBookApp.xcdatamodeld */; };
		458FFCA72C5CD636003B5236 /* Assets.xcassets in Resources */ = {isa = PBXBuildFile; fileRef = 458FFCA62C5CD636003B5236 /* Assets.xcassets */; };
		458FFCAA2C5CD636003B5236 /* Base in Resources */ = {isa = PBXBuildFile; fileRef = 458FFCA92C5CD636003B5236 /* Base */; };
		458FFCB22C5CEA57003B5236 /* DetailViewController.swift in Sources */ = {isa = PBXBuildFile; fileRef = 458FFCB12C5CEA57003B5236 /* DetailViewController.swift */; };
		458FFCB42C5CEA89003B5236 /* SaveBookViewController.swift in Sources */ = {isa = PBXBuildFile; fileRef = 458FFCB32C5CEA89003B5236 /* SaveBookViewController.swift */; };
		458FFCC12C60EC1B003B5236 /* SnapKit in Frameworks */ = {isa = PBXBuildFile; productRef = 458FFCC02C60EC1B003B5236 /* SnapKit */; };
		458FFCC42C60F0AF003B5236 /* BookModel.swift in Sources */ = {isa = PBXBuildFile; fileRef = 458FFCC32C60F0AF003B5236 /* BookModel.swift */; };
/* End PBXBuildFile section */

/* Begin PBXFileReference section */
		4536F1DE2C61D42200E20A2B /* SearchBookCell.swift */ = {isa = PBXFileReference; lastKnownFileType = sourcecode.swift; path = SearchBookCell.swift; sourceTree = "<group>"; };
		458FFC972C5CD635003B5236 /* SearchBookApp.app */ = {isa = PBXFileReference; explicitFileType = wrapper.application; includeInIndex = 0; path = SearchBookApp.app; sourceTree = BUILT_PRODUCTS_DIR; };
		458FFC9A2C5CD635003B5236 /* AppDelegate.swift */ = {isa = PBXFileReference; lastKnownFileType = sourcecode.swift; path = AppDelegate.swift; sourceTree = "<group>"; };
		458FFC9E2C5CD635003B5236 /* MainViewController.swift */ = {isa = PBXFileReference; lastKnownFileType = sourcecode.swift; path = MainViewController.swift; sourceTree = "<group>"; };
		458FFCA42C5CD635003B5236 /* SearchBookApp.xcdatamodel */ = {isa = PBXFileReference; lastKnownFileType = wrapper.xcdatamodel; path = SearchBookApp.xcdatamodel; sourceTree = "<group>"; };
		458FFCA62C5CD636003B5236 /* Assets.xcassets */ = {isa = PBXFileReference; lastKnownFileType = folder.assetcatalog; path = Assets.xcassets; sourceTree = "<group>"; };
		458FFCA92C5CD636003B5236 /* Base */ = {isa = PBXFileReference; lastKnownFileType = file.storyboard; name = Base; path = Base.lproj/LaunchScreen.storyboard; sourceTree = "<group>"; };
		458FFCAB2C5CD636003B5236 /* Info.plist */ = {isa = PBXFileReference; lastKnownFileType = text.plist.xml; path = Info.plist; sourceTree = "<group>"; };
		458FFCB12C5CEA57003B5236 /* DetailViewController.swift */ = {isa = PBXFileReference; lastKnownFileType = sourcecode.swift; path = DetailViewController.swift; sourceTree = "<group>"; };
		458FFCB32C5CEA89003B5236 /* SaveBookViewController.swift */ = {isa = PBXFileReference; lastKnownFileType = sourcecode.swift; path = SaveBookViewController.swift; sourceTree = "<group>"; };
		458FFCC32C60F0AF003B5236 /* BookModel.swift */ = {isa = PBXFileReference; lastKnownFileType = sourcecode.swift; path = BookModel.swift; sourceTree = "<group>"; };
/* End PBXFileReference section */

/* Begin PBXFrameworksBuildPhase section */
		458FFC942C5CD635003B5236 /* Frameworks */ = {
			isa = PBXFrameworksBuildPhase;
			buildActionMask = 2147483647;
			files = (
				458FFCC12C60EC1B003B5236 /* SnapKit in Frameworks */,
			);
			runOnlyForDeploymentPostprocessing = 0;
		};
/* End PBXFrameworksBuildPhase section */

/* Begin PBXGroup section */
		458FFC8E2C5CD635003B5236 = {
			isa = PBXGroup;
			children = (
				458FFC992C5CD635003B5236 /* SearchBookApp */,
				458FFC982C5CD635003B5236 /* Products */,
			);
			sourceTree = "<group>";
		};
		458FFC982C5CD635003B5236 /* Products */ = {
			isa = PBXGroup;
			children = (
				458FFC972C5CD635003B5236 /* SearchBookApp.app */,
			);
			name = Products;
			sourceTree = "<group>";
		};
		458FFC992C5CD635003B5236 /* SearchBookApp */ = {
			isa = PBXGroup;
			children = (
				458FFCC22C60F09A003B5236 /* Model */,
				458FFCB52C5CEA8B003B5236 /* VC */,
				458FFC9A2C5CD635003B5236 /* AppDelegate.swift */,
				458FFCA62C5CD636003B5236 /* Assets.xcassets */,
				458FFCA82C5CD636003B5236 /* LaunchScreen.storyboard */,
				458FFCAB2C5CD636003B5236 /* Info.plist */,
				458FFCA32C5CD635003B5236 /* SearchBookApp.xcdatamodeld */,
			);
			path = SearchBookApp;
			sourceTree = "<group>";
		};
		458FFCB52C5CEA8B003B5236 /* VC */ = {
			isa = PBXGroup;
			children = (
				458FFC9E2C5CD635003B5236 /* MainViewController.swift */,
				458FFCB32C5CEA89003B5236 /* SaveBookViewController.swift */,
				458FFCB12C5CEA57003B5236 /* DetailViewController.swift */,
				4536F1DE2C61D42200E20A2B /* SearchBookCell.swift */,
			);
			path = VC;
			sourceTree = "<group>";
		};
		458FFCC22C60F09A003B5236 /* Model */ = {
			isa = PBXGroup;
			children = (
				458FFCC32C60F0AF003B5236 /* BookModel.swift */,
			);
			path = Model;
			sourceTree = "<group>";
		};
/* End PBXGroup section */

/* Begin PBXNativeTarget section */
		458FFC962C5CD635003B5236 /* SearchBookApp */ = {
			isa = PBXNativeTarget;
			buildConfigurationList = 458FFCAE2C5CD636003B5236 /* Build configuration list for PBXNativeTarget "SearchBookApp" */;
			buildPhases = (
				458FFC932C5CD635003B5236 /* Sources */,
				458FFC942C5CD635003B5236 /* Frameworks */,
				458FFC952C5CD635003B5236 /* Resources */,
			);
			buildRules = (
			);
			dependencies = (
			);
			name = SearchBookApp;
			packageProductDependencies = (
				458FFCC02C60EC1B003B5236 /* SnapKit */,
			);
			productName = SearchBookApp;
			productReference = 458FFC972C5CD635003B5236 /* SearchBookApp.app */;
			productType = "com.apple.product-type.application";
		};
/* End PBXNativeTarget section */

/* Begin PBXProject section */
		458FFC8F2C5CD635003B5236 /* Project object */ = {
			isa = PBXProject;
			attributes = {
				BuildIndependentTargetsInParallel = 1;
				LastSwiftUpdateCheck = 1540;
				LastUpgradeCheck = 1540;
				TargetAttributes = {
					458FFC962C5CD635003B5236 = {
						CreatedOnToolsVersion = 15.4;
					};
				};
			};
			buildConfigurationList = 458FFC922C5CD635003B5236 /* Build configuration list for PBXProject "SearchBookApp" */;
			compatibilityVersion = "Xcode 14.0";
			developmentRegion = en;
			hasScannedForEncodings = 0;
			knownRegions = (
				en,
				Base,
			);
			mainGroup = 458FFC8E2C5CD635003B5236;
			packageReferences = (
				458FFCBF2C60EC1B003B5236 /* XCRemoteSwiftPackageReference "SnapKit" */,
			);
			productRefGroup = 458FFC982C5CD635003B5236 /* Products */;
			projectDirPath = "";
			projectRoot = "";
			targets = (
				458FFC962C5CD635003B5236 /* SearchBookApp */,
			);
		};
/* End PBXProject section */

/* Begin PBXResourcesBuildPhase section */
		458FFC952C5CD635003B5236 /* Resources */ = {
			isa = PBXResourcesBuildPhase;
			buildActionMask = 2147483647;
			files = (
				458FFCA72C5CD636003B5236 /* Assets.xcassets in Resources */,
				458FFCAA2C5CD636003B5236 /* Base in Resources */,
			);
			runOnlyForDeploymentPostprocessing = 0;
		};
/* End PBXResourcesBuildPhase section */

/* Begin PBXSourcesBuildPhase section */
		458FFC932C5CD635003B5236 /* Sources */ = {
			isa = PBXSourcesBuildPhase;
			buildActionMask = 2147483647;
			files = (
				458FFCC42C60F0AF003B5236 /* BookModel.swift in Sources */,
				458FFCB42C5CEA89003B5236 /* SaveBookViewController.swift in Sources */,
				458FFCA52C5CD635003B5236 /* SearchBookApp.xcdatamodeld in Sources */,
				458FFC9F2C5CD635003B5236 /* MainViewController.swift in Sources */,
				4536F1DF2C61D42200E20A2B /* SearchBookCell.swift in Sources */,
				458FFC9B2C5CD635003B5236 /* AppDelegate.swift in Sources */,
				458FFCB22C5CEA57003B5236 /* DetailViewController.swift in Sources */,
			);
			runOnlyForDeploymentPostprocessing = 0;
		};
/* End PBXSourcesBuildPhase section */

/* Begin PBXVariantGroup section */
		458FFCA82C5CD636003B5236 /* LaunchScreen.storyboard */ = {
			isa = PBXVariantGroup;
			children = (
				458FFCA92C5CD636003B5236 /* Base */,
			);
			name = LaunchScreen.storyboard;
			sourceTree = "<group>";
		};
/* End PBXVariantGroup section */

/* Begin XCBuildConfiguration section */
		458FFCAC2C5CD636003B5236 /* Debug */ = {
			isa = XCBuildConfiguration;
			buildSettings = {
				ALWAYS_SEARCH_USER_PATHS = NO;
				ASSETCATALOG_COMPILER_GENERATE_SWIFT_ASSET_SYMBOL_EXTENSIONS = YES;
				CLANG_ANALYZER_NONNULL = YES;
				CLANG_ANALYZER_NUMBER_OBJECT_CONVERSION = YES_AGGRESSIVE;
				CLANG_CXX_LANGUAGE_STANDARD = "gnu++20";
				CLANG_ENABLE_MODULES = YES;
				CLANG_ENABLE_OBJC_ARC = YES;
				CLANG_ENABLE_OBJC_WEAK = YES;
				CLANG_WARN_BLOCK_CAPTURE_AUTORELEASING = YES;
				CLANG_WARN_BOOL_CONVERSION = YES;
				CLANG_WARN_COMMA = YES;
				CLANG_WARN_CONSTANT_CONVERSION = YES;
				CLANG_WARN_DEPRECATED_OBJC_IMPLEMENTATIONS = YES;
				CLANG_WARN_DIRECT_OBJC_ISA_USAGE = YES_ERROR;
				CLANG_WARN_DOCUMENTATION_COMMENTS = YES;
				CLANG_WARN_EMPTY_BODY = YES;
				CLANG_WARN_ENUM_CONVERSION = YES;
				CLANG_WARN_INFINITE_RECURSION = YES;
				CLANG_WARN_INT_CONVERSION = YES;
				CLANG_WARN_NON_LITERAL_NULL_CONVERSION = YES;
				CLANG_WARN_OBJC_IMPLICIT_RETAIN_SELF = YES;
				CLANG_WARN_OBJC_LITERAL_CONVERSION = YES;
				CLANG_WARN_OBJC_ROOT_CLASS = YES_ERROR;
				CLANG_WARN_QUOTED_INCLUDE_IN_FRAMEWORK_HEADER = YES;
				CLANG_WARN_RANGE_LOOP_ANALYSIS = YES;
				CLANG_WARN_STRICT_PROTOTYPES = YES;
				CLANG_WARN_SUSPICIOUS_MOVE = YES;
				CLANG_WARN_UNGUARDED_AVAILABILITY = YES_AGGRESSIVE;
				CLANG_WARN_UNREACHABLE_CODE = YES;
				CLANG_WARN__DUPLICATE_METHOD_MATCH = YES;
				COPY_PHASE_STRIP = NO;
				DEBUG_INFORMATION_FORMAT = dwarf;
				ENABLE_STRICT_OBJC_MSGSEND = YES;
				ENABLE_TESTABILITY = YES;
				ENABLE_USER_SCRIPT_SANDBOXING = YES;
				GCC_C_LANGUAGE_STANDARD = gnu17;
				GCC_DYNAMIC_NO_PIC = NO;
				GCC_NO_COMMON_BLOCKS = YES;
				GCC_OPTIMIZATION_LEVEL = 0;
				GCC_PREPROCESSOR_DEFINITIONS = (
					"DEBUG=1",
					"$(inherited)",
				);
				GCC_WARN_64_TO_32_BIT_CONVERSION = YES;
				GCC_WARN_ABOUT_RETURN_TYPE = YES_ERROR;
				GCC_WARN_UNDECLARED_SELECTOR = YES;
				GCC_WARN_UNINITIALIZED_AUTOS = YES_AGGRESSIVE;
				GCC_WARN_UNUSED_FUNCTION = YES;
				GCC_WARN_UNUSED_VARIABLE = YES;
				IPHONEOS_DEPLOYMENT_TARGET = 17.5;
				LOCALIZATION_PREFERS_STRING_CATALOGS = YES;
				MTL_ENABLE_DEBUG_INFO = INCLUDE_SOURCE;
				MTL_FAST_MATH = YES;
				ONLY_ACTIVE_ARCH = YES;
				SDKROOT = iphoneos;
				SWIFT_ACTIVE_COMPILATION_CONDITIONS = "DEBUG $(inherited)";
				SWIFT_OPTIMIZATION_LEVEL = "-Onone";
			};
			name = Debug;
		};
		458FFCAD2C5CD636003B5236 /* Release */ = {
			isa = XCBuildConfiguration;
			buildSettings = {
				ALWAYS_SEARCH_USER_PATHS = NO;
				ASSETCATALOG_COMPILER_GENERATE_SWIFT_ASSET_SYMBOL_EXTENSIONS = YES;
				CLANG_ANALYZER_NONNULL = YES;
				CLANG_ANALYZER_NUMBER_OBJECT_CONVERSION = YES_AGGRESSIVE;
				CLANG_CXX_LANGUAGE_STANDARD = "gnu++20";
				CLANG_ENABLE_MODULES = YES;
				CLANG_ENABLE_OBJC_ARC = YES;
				CLANG_ENABLE_OBJC_WEAK = YES;
				CLANG_WARN_BLOCK_CAPTURE_AUTORELEASING = YES;
				CLANG_WARN_BOOL_CONVERSION = YES;
				CLANG_WARN_COMMA = YES;
				CLANG_WARN_CONSTANT_CONVERSION = YES;
				CLANG_WARN_DEPRECATED_OBJC_IMPLEMENTATIONS = YES;
				CLANG_WARN_DIRECT_OBJC_ISA_USAGE = YES_ERROR;
				CLANG_WARN_DOCUMENTATION_COMMENTS = YES;
				CLANG_WARN_EMPTY_BODY = YES;
				CLANG_WARN_ENUM_CONVERSION = YES;
				CLANG_WARN_INFINITE_RECURSION = YES;
				CLANG_WARN_INT_CONVERSION = YES;
				CLANG_WARN_NON_LITERAL_NULL_CONVERSION = YES;
				CLANG_WARN_OBJC_IMPLICIT_RETAIN_SELF = YES;
				CLANG_WARN_OBJC_LITERAL_CONVERSION = YES;
				CLANG_WARN_OBJC_ROOT_CLASS = YES_ERROR;
				CLANG_WARN_QUOTED_INCLUDE_IN_FRAMEWORK_HEADER = YES;
				CLANG_WARN_RANGE_LOOP_ANALYSIS = YES;
				CLANG_WARN_STRICT_PROTOTYPES = YES;
				CLANG_WARN_SUSPICIOUS_MOVE = YES;
				CLANG_WARN_UNGUARDED_AVAILABILITY = YES_AGGRESSIVE;
				CLANG_WARN_UNREACHABLE_CODE = YES;
				CLANG_WARN__DUPLICATE_METHOD_MATCH = YES;
				COPY_PHASE_STRIP = NO;
				DEBUG_INFORMATION_FORMAT = "dwarf-with-dsym";
				ENABLE_NS_ASSERTIONS = NO;
				ENABLE_STRICT_OBJC_MSGSEND = YES;
				ENABLE_USER_SCRIPT_SANDBOXING = YES;
				GCC_C_LANGUAGE_STANDARD = gnu17;
				GCC_NO_COMMON_BLOCKS = YES;
				GCC_WARN_64_TO_32_BIT_CONVERSION = YES;
				GCC_WARN_ABOUT_RETURN_TYPE = YES_ERROR;
				GCC_WARN_UNDECLARED_SELECTOR = YES;
				GCC_WARN_UNINITIALIZED_AUTOS = YES_AGGRESSIVE;
				GCC_WARN_UNUSED_FUNCTION = YES;
				GCC_WARN_UNUSED_VARIABLE = YES;
				IPHONEOS_DEPLOYMENT_TARGET = 17.5;
				LOCALIZATION_PREFERS_STRING_CATALOGS = YES;
				MTL_ENABLE_DEBUG_INFO = NO;
				MTL_FAST_MATH = YES;
				SDKROOT = iphoneos;
				SWIFT_COMPILATION_MODE = wholemodule;
				VALIDATE_PRODUCT = YES;
			};
			name = Release;
		};
		458FFCAF2C5CD636003B5236 /* Debug */ = {
			isa = XCBuildConfiguration;
			buildSettings = {
				ASSETCATALOG_COMPILER_APPICON_NAME = AppIcon;
				ASSETCATALOG_COMPILER_GLOBAL_ACCENT_COLOR_NAME = AccentColor;
				CODE_SIGN_STYLE = Automatic;
				CURRENT_PROJECT_VERSION = 1;
				GENERATE_INFOPLIST_FILE = YES;
				INFOPLIST_FILE = SearchBookApp/Info.plist;
				INFOPLIST_KEY_UIApplicationSupportsIndirectInputEvents = YES;
				INFOPLIST_KEY_UILaunchStoryboardName = LaunchScreen;
				INFOPLIST_KEY_UISupportedInterfaceOrientations_iPad = "UIInterfaceOrientationPortrait UIInterfaceOrientationPortraitUpsideDown UIInterfaceOrientationLandscapeLeft UIInterfaceOrientationLandscapeRight";
				INFOPLIST_KEY_UISupportedInterfaceOrientations_iPhone = "UIInterfaceOrientationPortrait UIInterfaceOrientationLandscapeLeft UIInterfaceOrientationLandscapeRight";
				IPHONEOS_DEPLOYMENT_TARGET = 15.5;
				LD_RUNPATH_SEARCH_PATHS = (
					"$(inherited)",
					"@executable_path/Frameworks",
				);
				MARKETING_VERSION = 1.0;
				PRODUCT_BUNDLE_IDENTIFIER = com.noah.SearchBookApp;
				PRODUCT_NAME = "$(TARGET_NAME)";
				SWIFT_EMIT_LOC_STRINGS = YES;
				SWIFT_VERSION = 5.0;
				TARGETED_DEVICE_FAMILY = "1,2";
			};
			name = Debug;
		};
		458FFCB02C5CD636003B5236 /* Release */ = {
			isa = XCBuildConfiguration;
			buildSettings = {
				ASSETCATALOG_COMPILER_APPICON_NAME = AppIcon;
				ASSETCATALOG_COMPILER_GLOBAL_ACCENT_COLOR_NAME = AccentColor;
				CODE_SIGN_STYLE = Automatic;
				CURRENT_PROJECT_VERSION = 1;
				GENERATE_INFOPLIST_FILE = YES;
				INFOPLIST_FILE = SearchBookApp/Info.plist;
				INFOPLIST_KEY_UIApplicationSupportsIndirectInputEvents = YES;
				INFOPLIST_KEY_UILaunchStoryboardName = LaunchScreen;
				INFOPLIST_KEY_UISupportedInterfaceOrientations_iPad = "UIInterfaceOrientationPortrait UIInterfaceOrientationPortraitUpsideDown UIInterfaceOrientationLandscapeLeft UIInterfaceOrientationLandscapeRight";
				INFOPLIST_KEY_UISupportedInterfaceOrientations_iPhone = "UIInterfaceOrientationPortrait UIInterfaceOrientationLandscapeLeft UIInterfaceOrientationLandscapeRight";
				IPHONEOS_DEPLOYMENT_TARGET = 15.5;
				LD_RUNPATH_SEARCH_PATHS = (
					"$(inherited)",
					"@executable_path/Frameworks",
				);
				MARKETING_VERSION = 1.0;
				PRODUCT_BUNDLE_IDENTIFIER = com.noah.SearchBookApp;
				PRODUCT_NAME = "$(TARGET_NAME)";
				SWIFT_EMIT_LOC_STRINGS = YES;
				SWIFT_VERSION = 5.0;
				TARGETED_DEVICE_FAMILY = "1,2";
			};
			name = Release;
		};
/* End XCBuildConfiguration section */

/* Begin XCConfigurationList section */
		458FFC922C5CD635003B5236 /* Build configuration list for PBXProject "SearchBookApp" */ = {
			isa = XCConfigurationList;
			buildConfigurations = (
				458FFCAC2C5CD636003B5236 /* Debug */,
				458FFCAD2C5CD636003B5236 /* Release */,
			);
			defaultConfigurationIsVisible = 0;
			defaultConfigurationName = Release;
		};
		458FFCAE2C5CD636003B5236 /* Build configuration list for PBXNativeTarget "SearchBookApp" */ = {
			isa = XCConfigurationList;
			buildConfigurations = (
				458FFCAF2C5CD636003B5236 /* Debug */,
				458FFCB02C5CD636003B5236 /* Release */,
			);
			defaultConfigurationIsVisible = 0;
			defaultConfigurationName = Release;
		};
/* End XCConfigurationList section */

/* Begin XCRemoteSwiftPackageReference section */
		458FFCBF2C60EC1B003B5236 /* XCRemoteSwiftPackageReference "SnapKit" */ = {
			isa = XCRemoteSwiftPackageReference;
			repositoryURL = "https://github.com/SnapKit/SnapKit.git";
			requirement = {
				kind = upToNextMajorVersion;
				minimumVersion = 5.7.1;
			};
		};
/* End XCRemoteSwiftPackageReference section */

/* Begin XCSwiftPackageProductDependency section */
		458FFCC02C60EC1B003B5236 /* SnapKit */ = {
			isa = XCSwiftPackageProductDependency;
			package = 458FFCBF2C60EC1B003B5236 /* XCRemoteSwiftPackageReference "SnapKit" */;
			productName = SnapKit;
		};
/* End XCSwiftPackageProductDependency section */

/* Begin XCVersionGroup section */
		458FFCA32C5CD635003B5236 /* SearchBookApp.xcdatamodeld */ = {
			isa = XCVersionGroup;
			children = (
				458FFCA42C5CD635003B5236 /* SearchBookApp.xcdatamodel */,
			);
			currentVersion = 458FFCA42C5CD635003B5236 /* SearchBookApp.xcdatamodel */;
			path = SearchBookApp.xcdatamodeld;
			sourceTree = "<group>";
			versionGroupType = wrapper.xcdatamodel;
		};
/* End XCVersionGroup section */
	};
	rootObject = 458FFC8F2C5CD635003B5236 /* Project object */;
}
